# This file is automatically @generated by Cargo.
# It is not intended for manual editing.
version = 3

[[package]]
name = "chlorine"
version = "1.0.7"
source = "registry+https://github.com/rust-lang/crates.io-index"
checksum = "bd650552110e39b7c5058986cf177decd3365841836578ac50a286094eac0be6"

[[package]]
name = "ocaml-sys"
version = "0.22.0"
source = "registry+https://github.com/rust-lang/crates.io-index"
checksum = "2e8d1ec034dbef9fde8fd34a325b245f316c6dec5ab4f2512ba8cfd43564654a"
dependencies = [
 "chlorine",
]

[[package]]
name = "sphere-intersect"
version = "0.1.0"
dependencies = [
 "ocaml-sys",
]
